
Microsoft Visual Studio Solution File, Format Version 12.00
Project("{FAE04EC0-301F-11D3-BF4B-00C04F79EFBC}") = "RentApp", "RentApp\RentApp.csproj", "{0089A3A5-7B8E-4C01-A1A9-F546C36E0618}"
EndProject
Project("{FAE04EC0-301F-11D3-BF4B-00C04F79EFBC}") = "Test", "Test\Test.csproj", "{B4303392-A4E6-4764-9B01-ECFD4507D52D}"
EndProject
Project("{FAE04EC0-301F-11D3-BF4B-00C04F79EFBC}") = "TestIntegration", "TestIntegration\TestIntegration.csproj", "{92494403-AF9A-4D03-879E-D14CE2236C66}"
EndProject
Global
	GlobalSection(SolutionConfigurationPlatforms) = preSolution
		Debug|Any CPU = Debug|Any CPU
		Release|Any CPU = Release|Any CPU
	EndGlobalSection
	GlobalSection(ProjectConfigurationPlatforms) = postSolution
		{0089A3A5-7B8E-4C01-A1A9-F546C36E0618}.Debug|Any CPU.ActiveCfg = Debug|Any CPU
		{0089A3A5-7B8E-4C01-A1A9-F546C36E0618}.Debug|Any CPU.Build.0 = Debug|Any CPU
		{0089A3A5-7B8E-4C01-A1A9-F546C36E0618}.Release|Any CPU.ActiveCfg = Release|Any CPU
		{0089A3A5-7B8E-4C01-A1A9-F546C36E0618}.Release|Any CPU.Build.0 = Release|Any CPU
		{B4303392-A4E6-4764-9B01-ECFD4507D52D}.Debug|Any CPU.ActiveCfg = Debug|Any CPU
		{B4303392-A4E6-4764-9B01-ECFD4507D52D}.Debug|Any CPU.Build.0 = Debug|Any CPU
		{B4303392-A4E6-4764-9B01-ECFD4507D52D}.Release|Any CPU.ActiveCfg = Release|Any CPU
		{B4303392-A4E6-4764-9B01-ECFD4507D52D}.Release|Any CPU.Build.0 = Release|Any CPU
		{92494403-AF9A-4D03-879E-D14CE2236C66}.Debug|Any CPU.ActiveCfg = Debug|Any CPU
		{92494403-AF9A-4D03-879E-D14CE2236C66}.Debug|Any CPU.Build.0 = Debug|Any CPU
		{92494403-AF9A-4D03-879E-D14CE2236C66}.Release|Any CPU.ActiveCfg = Release|Any CPU
		{92494403-AF9A-4D03-879E-D14CE2236C66}.Release|Any CPU.Build.0 = Release|Any CPU
	EndGlobalSection
EndGlobal
